
Microsoft Visual Studio Solution File, Format Version 12.00
# Visual Studio Version 16
VisualStudioVersion = 16.0.30320.27
MinimumVisualStudioVersion = 10.0.40219.1
Project("{FAE04EC0-301F-11D3-BF4B-00C04F79EFBC}") = "QAprojectNETcore", "QAprojectNETcore\QAprojectNETcore.csproj", "{A84E7020-8A1D-44FB-95CD-3FF817E13C89}"
EndProject
Project("{2150E333-8FDC-42A3-9474-1A3956D46DE8}") = "Solution Items", "Solution Items", "{EF0D00EB-4DEB-4AC7-9E95-9CD3CB8D93F7}"
EndProject
Global
	GlobalSection(SolutionConfigurationPlatforms) = preSolution
		Debug|Any CPU = Debug|Any CPU
		Release|Any CPU = Release|Any CPU
	EndGlobalSection
	GlobalSection(ProjectConfigurationPlatforms) = postSolution
		{A84E7020-8A1D-44FB-95CD-3FF817E13C89}.Debug|Any CPU.ActiveCfg = Debug|Any CPU
		{A84E7020-8A1D-44FB-95CD-3FF817E13C89}.Debug|Any CPU.Build.0 = Debug|Any CPU
		{A84E7020-8A1D-44FB-95CD-3FF817E13C89}.Release|Any CPU.ActiveCfg = Release|Any CPU
		{A84E7020-8A1D-44FB-95CD-3FF817E13C89}.Release|Any CPU.Build.0 = Release|Any CPU
	EndGlobalSection
	GlobalSection(SolutionProperties) = preSolution
		HideSolutionNode = FALSE
	EndGlobalSection
	GlobalSection(ExtensibilityGlobals) = postSolution
		SolutionGuid = {A41F8746-6F16-47D8-8F81-6E0713EAB633}
	EndGlobalSection
EndGlobal
